
Microsoft Visual Studio Solution File, Format Version 12.00
# Visual Studio 15
VisualStudioVersion = 15.0.28307.1300
MinimumVisualStudioVersion = 10.0.40219.1
Project("{8BC9CEB8-8B4A-11D0-8D11-00A0C91BC942}") = "RayTracing_Cuda", "RayTracing_Cuda\RayTracing_Cuda.vcxproj", "{063A5ADC-A313-4689-B3BF-C1F5FE6E75D8}"
EndProject
Global
	GlobalSection(SolutionConfigurationPlatforms) = preSolution
		Debug|x64 = Debug|x64
		Release|x64 = Release|x64
	EndGlobalSection
	GlobalSection(ProjectConfigurationPlatforms) = postSolution
		{063A5ADC-A313-4689-B3BF-C1F5FE6E75D8}.Debug|x64.ActiveCfg = Debug|x64
		{063A5ADC-A313-4689-B3BF-C1F5FE6E75D8}.Debug|x64.Build.0 = Debug|x64
		{063A5ADC-A313-4689-B3BF-C1F5FE6E75D8}.Release|x64.ActiveCfg = Release|x64
		{063A5ADC-A313-4689-B3BF-C1F5FE6E75D8}.Release|x64.Build.0 = Release|x64
	EndGlobalSection
	GlobalSection(SolutionProperties) = preSolution
		HideSolutionNode = FALSE
	EndGlobalSection
	GlobalSection(ExtensibilityGlobals) = postSolution
		SolutionGuid = {30B5C15D-3A4F-4E33-83DE-A2FA223A5E18}
	EndGlobalSection
EndGlobal
